
Microsoft Visual Studio Solution File, Format Version 11.00
# Visual Studio 2010
Project("{FAE04EC0-301F-11D3-BF4B-00C04F79EFBC}") = "Assembly-CSharp", "Assembly-CSharp.csproj", "{ed0cf404-4e9f-7e77-3306-463c2045a1dd}"
EndProject
Project("{FAE04EC0-301F-11D3-BF4B-00C04F79EFBC}") = "Unity.2D.PixelPerfect.Samples", "Unity.2D.PixelPerfect.Samples.csproj", "{34e699f0-cac5-7a76-f3f8-ba53a83fa37b}"
EndProject
Project("{FAE04EC0-301F-11D3-BF4B-00C04F79EFBC}") = "Assembly-CSharp-Editor", "Assembly-CSharp-Editor.csproj", "{8fd17adb-ceed-7e62-3f64-63ae0be5e2f7}"
EndProject
Project("{FAE04EC0-301F-11D3-BF4B-00C04F79EFBC}") = "Unity.2D.PixelPerfect.Samples.Editor", "Unity.2D.PixelPerfect.Samples.Editor.csproj", "{1deebc68-9cee-f1f8-64d0-192bd72cc683}"
EndProject
Global
	GlobalSection(SolutionConfigurationPlatforms) = preSolution
		Debug|Any CPU = Debug|Any CPU
	EndGlobalSection
	GlobalSection(ProjectConfigurationPlatforms) = postSolution
		{ed0cf404-4e9f-7e77-3306-463c2045a1dd}.Debug|Any CPU.ActiveCfg = Debug|Any CPU
		{ed0cf404-4e9f-7e77-3306-463c2045a1dd}.Debug|Any CPU.Build.0 = Debug|Any CPU
		{34e699f0-cac5-7a76-f3f8-ba53a83fa37b}.Debug|Any CPU.ActiveCfg = Debug|Any CPU
		{34e699f0-cac5-7a76-f3f8-ba53a83fa37b}.Debug|Any CPU.Build.0 = Debug|Any CPU
		{8fd17adb-ceed-7e62-3f64-63ae0be5e2f7}.Debug|Any CPU.ActiveCfg = Debug|Any CPU
		{8fd17adb-ceed-7e62-3f64-63ae0be5e2f7}.Debug|Any CPU.Build.0 = Debug|Any CPU
		{1deebc68-9cee-f1f8-64d0-192bd72cc683}.Debug|Any CPU.ActiveCfg = Debug|Any CPU
		{1deebc68-9cee-f1f8-64d0-192bd72cc683}.Debug|Any CPU.Build.0 = Debug|Any CPU
	EndGlobalSection
	GlobalSection(SolutionProperties) = preSolution
		HideSolutionNode = FALSE
	EndGlobalSection
EndGlobal
